
Microsoft Visual Studio Solution File, Format Version 12.00
# Visual Studio Version 17
VisualStudioVersion = 17.4.33103.184
MinimumVisualStudioVersion = 10.0.40219.1
Project("{778DAE3C-4631-46EA-AA77-85C1314464D9}") = "E02_HelloWorldWinForms", "E02_HelloWorldWinForms\E02_HelloWorldWinForms.vbproj", "{0460D2D1-6D25-4612-B1EA-EEDB2145922C}"
EndProject
Project("{778DAE3C-4631-46EA-AA77-85C1314464D9}") = "E01_HelloWorldConsole", "E01_HelloWorldConsole\E01_HelloWorldConsole.vbproj", "{35640758-3C1B-4192-9A76-3C9F5D45EBDC}"
EndProject
Project("{778DAE3C-4631-46EA-AA77-85C1314464D9}") = "E03_EvenOdd", "E03_EvenOdd\E03_EvenOdd.vbproj", "{2DF73C44-D117-4BF4-89A6-16469F1B98A5}"
EndProject
Project("{778DAE3C-4631-46EA-AA77-85C1314464D9}") = "E04_Clocks", "E04_Clocks\E04_Clocks.vbproj", "{D5D9A310-1A42-4FFE-9803-97B72CCBE821}"
EndProject
Project("{778DAE3C-4631-46EA-AA77-85C1314464D9}") = "E05_EvenOdd", "E05_EvenOdd\E05_EvenOdd.vbproj", "{604B996A-8156-4177-84D8-FB78F2EED543}"
EndProject
Project("{F184B08F-C81C-45F6-A57F-5ABD9991F28F}") = "E06_TryCatch", "E06_TryCatch\E06_TryCatch.vbproj", "{82201427-A252-4986-B003-CDE9EBD9DD65}"
EndProject
Project("{F184B08F-C81C-45F6-A57F-5ABD9991F28F}") = "E07_MultiThreading", "E07_MultiThreading\E07_MultiThreading.vbproj", "{9555B059-6B95-423B-9A62-FAEEF70F7513}"
EndProject
Project("{F184B08F-C81C-45F6-A57F-5ABD9991F28F}") = "E08_SketchBoard", "E08_SketchBoard\E08_SketchBoard.vbproj", "{75F01C09-1E20-4E22-8D01-6BBF03FDF654}"
EndProject
Global
	GlobalSection(SolutionConfigurationPlatforms) = preSolution
		Debug|Any CPU = Debug|Any CPU
		Release|Any CPU = Release|Any CPU
	EndGlobalSection
	GlobalSection(ProjectConfigurationPlatforms) = postSolution
		{0460D2D1-6D25-4612-B1EA-EEDB2145922C}.Debug|Any CPU.ActiveCfg = Debug|Any CPU
		{0460D2D1-6D25-4612-B1EA-EEDB2145922C}.Debug|Any CPU.Build.0 = Debug|Any CPU
		{0460D2D1-6D25-4612-B1EA-EEDB2145922C}.Release|Any CPU.ActiveCfg = Release|Any CPU
		{0460D2D1-6D25-4612-B1EA-EEDB2145922C}.Release|Any CPU.Build.0 = Release|Any CPU
		{35640758-3C1B-4192-9A76-3C9F5D45EBDC}.Debug|Any CPU.ActiveCfg = Debug|Any CPU
		{35640758-3C1B-4192-9A76-3C9F5D45EBDC}.Debug|Any CPU.Build.0 = Debug|Any CPU
		{35640758-3C1B-4192-9A76-3C9F5D45EBDC}.Release|Any CPU.ActiveCfg = Release|Any CPU
		{35640758-3C1B-4192-9A76-3C9F5D45EBDC}.Release|Any CPU.Build.0 = Release|Any CPU
		{2DF73C44-D117-4BF4-89A6-16469F1B98A5}.Debug|Any CPU.ActiveCfg = Debug|Any CPU
		{2DF73C44-D117-4BF4-89A6-16469F1B98A5}.Debug|Any CPU.Build.0 = Debug|Any CPU
		{2DF73C44-D117-4BF4-89A6-16469F1B98A5}.Release|Any CPU.ActiveCfg = Release|Any CPU
		{2DF73C44-D117-4BF4-89A6-16469F1B98A5}.Release|Any CPU.Build.0 = Release|Any CPU
		{D5D9A310-1A42-4FFE-9803-97B72CCBE821}.Debug|Any CPU.ActiveCfg = Debug|Any CPU
		{D5D9A310-1A42-4FFE-9803-97B72CCBE821}.Debug|Any CPU.Build.0 = Debug|Any CPU
		{D5D9A310-1A42-4FFE-9803-97B72CCBE821}.Release|Any CPU.ActiveCfg = Release|Any CPU
		{D5D9A310-1A42-4FFE-9803-97B72CCBE821}.Release|Any CPU.Build.0 = Release|Any CPU
		{604B996A-8156-4177-84D8-FB78F2EED543}.Debug|Any CPU.ActiveCfg = Debug|Any CPU
		{604B996A-8156-4177-84D8-FB78F2EED543}.Debug|Any CPU.Build.0 = Debug|Any CPU
		{604B996A-8156-4177-84D8-FB78F2EED543}.Release|Any CPU.ActiveCfg = Release|Any CPU
		{604B996A-8156-4177-84D8-FB78F2EED543}.Release|Any CPU.Build.0 = Release|Any CPU
		{82201427-A252-4986-B003-CDE9EBD9DD65}.Debug|Any CPU.ActiveCfg = Debug|Any CPU
		{82201427-A252-4986-B003-CDE9EBD9DD65}.Debug|Any CPU.Build.0 = Debug|Any CPU
		{82201427-A252-4986-B003-CDE9EBD9DD65}.Release|Any CPU.ActiveCfg = Release|Any CPU
		{82201427-A252-4986-B003-CDE9EBD9DD65}.Release|Any CPU.Build.0 = Release|Any CPU
		{9555B059-6B95-423B-9A62-FAEEF70F7513}.Debug|Any CPU.ActiveCfg = Debug|Any CPU
		{9555B059-6B95-423B-9A62-FAEEF70F7513}.Debug|Any CPU.Build.0 = Debug|Any CPU
		{9555B059-6B95-423B-9A62-FAEEF70F7513}.Release|Any CPU.ActiveCfg = Release|Any CPU
		{9555B059-6B95-423B-9A62-FAEEF70F7513}.Release|Any CPU.Build.0 = Release|Any CPU
		{75F01C09-1E20-4E22-8D01-6BBF03FDF654}.Debug|Any CPU.ActiveCfg = Debug|Any CPU
		{75F01C09-1E20-4E22-8D01-6BBF03FDF654}.Debug|Any CPU.Build.0 = Debug|Any CPU
		{75F01C09-1E20-4E22-8D01-6BBF03FDF654}.Release|Any CPU.ActiveCfg = Release|Any CPU
		{75F01C09-1E20-4E22-8D01-6BBF03FDF654}.Release|Any CPU.Build.0 = Release|Any CPU
	EndGlobalSection
	GlobalSection(SolutionProperties) = preSolution
		HideSolutionNode = FALSE
	EndGlobalSection
	GlobalSection(ExtensibilityGlobals) = postSolution
		SolutionGuid = {CC480F7F-F45D-416B-9E13-E1E0F9C8ED97}
	EndGlobalSection
EndGlobal
